
Microsoft Visual Studio Solution File, Format Version 12.00
# Visual Studio Version 16
VisualStudioVersion = 16.0.29905.134
MinimumVisualStudioVersion = 10.0.40219.1
Project("{FAE04EC0-301F-11D3-BF4B-00C04F79EFBC}") = "Apka", "Apka.csproj", "{78B4E434-D0BE-4E25-919D-61A2ADECE8C5}"
EndProject
Global
	GlobalSection(SolutionConfigurationPlatforms) = preSolution
		Debug|Any CPU = Debug|Any CPU
		Release|Any CPU = Release|Any CPU
	EndGlobalSection
	GlobalSection(ProjectConfigurationPlatforms) = postSolution
		{78B4E434-D0BE-4E25-919D-61A2ADECE8C5}.Debug|Any CPU.ActiveCfg = Debug|Any CPU
		{78B4E434-D0BE-4E25-919D-61A2ADECE8C5}.Debug|Any CPU.Build.0 = Debug|Any CPU
		{78B4E434-D0BE-4E25-919D-61A2ADECE8C5}.Release|Any CPU.ActiveCfg = Release|Any CPU
		{78B4E434-D0BE-4E25-919D-61A2ADECE8C5}.Release|Any CPU.Build.0 = Release|Any CPU
	EndGlobalSection
	GlobalSection(SolutionProperties) = preSolution
		HideSolutionNode = FALSE
	EndGlobalSection
	GlobalSection(ExtensibilityGlobals) = postSolution
		SolutionGuid = {2023EFA2-8E31-4D7A-A5BC-413E10686D07}
	EndGlobalSection
EndGlobal
